
Microsoft Visual Studio Solution File, Format Version 12.00
# Visual Studio Version 17
VisualStudioVersion = 17.4.33110.190
MinimumVisualStudioVersion = 10.0.40219.1
Project("{FAE04EC0-301F-11D3-BF4B-00C04F79EFBC}") = "OsmMapsui1.Android", "OsmMapsui1.Android\OsmMapsui1.Android.csproj", "{0B5FA33C-5BE9-47A8-9343-F53F2A2CCBF2}"
EndProject
Project("{FAE04EC0-301F-11D3-BF4B-00C04F79EFBC}") = "OsmMapsui1", "OsmMapsui1\OsmMapsui1.csproj", "{1E00203B-5464-4F5C-8BEE-BC705A7EF26A}"
EndProject
Global
	GlobalSection(SolutionConfigurationPlatforms) = preSolution
		Debug|Any CPU = Debug|Any CPU
		Release|Any CPU = Release|Any CPU
	EndGlobalSection
	GlobalSection(ProjectConfigurationPlatforms) = postSolution
		{0B5FA33C-5BE9-47A8-9343-F53F2A2CCBF2}.Debug|Any CPU.ActiveCfg = Debug|Any CPU
		{0B5FA33C-5BE9-47A8-9343-F53F2A2CCBF2}.Debug|Any CPU.Build.0 = Debug|Any CPU
		{0B5FA33C-5BE9-47A8-9343-F53F2A2CCBF2}.Debug|Any CPU.Deploy.0 = Debug|Any CPU
		{0B5FA33C-5BE9-47A8-9343-F53F2A2CCBF2}.Release|Any CPU.ActiveCfg = Release|Any CPU
		{0B5FA33C-5BE9-47A8-9343-F53F2A2CCBF2}.Release|Any CPU.Build.0 = Release|Any CPU
		{0B5FA33C-5BE9-47A8-9343-F53F2A2CCBF2}.Release|Any CPU.Deploy.0 = Release|Any CPU
		{1E00203B-5464-4F5C-8BEE-BC705A7EF26A}.Debug|Any CPU.ActiveCfg = Debug|Any CPU
		{1E00203B-5464-4F5C-8BEE-BC705A7EF26A}.Debug|Any CPU.Build.0 = Debug|Any CPU
		{1E00203B-5464-4F5C-8BEE-BC705A7EF26A}.Debug|Any CPU.Deploy.0 = Debug|Any CPU
		{1E00203B-5464-4F5C-8BEE-BC705A7EF26A}.Release|Any CPU.ActiveCfg = Release|Any CPU
		{1E00203B-5464-4F5C-8BEE-BC705A7EF26A}.Release|Any CPU.Build.0 = Release|Any CPU
		{1E00203B-5464-4F5C-8BEE-BC705A7EF26A}.Release|Any CPU.Deploy.0 = Release|Any CPU
	EndGlobalSection
	GlobalSection(SolutionProperties) = preSolution
		HideSolutionNode = FALSE
	EndGlobalSection
	GlobalSection(ExtensibilityGlobals) = postSolution
		SolutionGuid = {09B7DE4E-5C63-496B-B70D-02C6C818C6C0}
	EndGlobalSection
EndGlobal
